Microsoft Visual Studio Solution File, Format Version 12.00
Project("{FAE04EC0-301F-11D3-BF4B-00C04F79EFBC}") = "Init", "Init.proj", "{3CAA2FBE-EDA8-4E2B-8BEC-4A79B43D6513}"
EndProject
Global
	GlobalSection(SolutionConfigurationPlatforms) = preSolution
		Debug|Any CPU = Debug|Any CPU
	EndGlobalSection
	GlobalSection(ProjectConfigurationPlatforms) = postSolution
		{3CAA2FBE-EDA8-4E2B-8BEC-4A79B43D6513}.Debug|Any CPU.ActiveCfg = Debug|Any CPU
		{3CAA2FBE-EDA8-4E2B-8BEC-4A79B43D6513}.Debug|Any CPU.Build.0 = Debug|Any CPU
	EndGlobalSection
	GlobalSection(SolutionProperties) = preSolution
		HideSolutionNode = FALSE
	EndGlobalSection
	GlobalSection(ExtensibilityGlobals) = postSolution
		SolutionGuid = {979822BA-2D3F-47AD-B11B-E090A8C47483}
	EndGlobalSection
EndGlobal
