Microsoft Visual Studio Solution File, Format Version 12.00
Project("{FF286327-C783-4F7A-AB73-9BCBAD0D4460}") = "JwcRepoSdk", "JwcRepoSdk.nuproj", "{55E57BB3-2176-4D85-8727-D48E43F551B4}"
EndProject
Global
	GlobalSection(SolutionConfigurationPlatforms) = preSolution
		Local|Any CPU = Local|Any CPU
		Debug|Any CPU = Debug|Any CPU
		Staging|Any CPU = Staging|Any CPU
		Release|Any CPU = Release|Any CPU
		Testing|Any CPU = Testing|Any CPU
	EndGlobalSection
	GlobalSection(ProjectConfigurationPlatforms) = postSolution
		{55E57BB3-2176-4D85-8727-D48E43F551B4}.Local|Any CPU.ActiveCfg = Local|Any CPU
		{55E57BB3-2176-4D85-8727-D48E43F551B4}.Local|Any CPU.Build.0 = Local|Any CPU
		{55E57BB3-2176-4D85-8727-D48E43F551B4}.Debug|Any CPU.ActiveCfg = Debug|Any CPU
		{55E57BB3-2176-4D85-8727-D48E43F551B4}.Debug|Any CPU.Build.0 = Debug|Any CPU
		{55E57BB3-2176-4D85-8727-D48E43F551B4}.Staging|Any CPU.ActiveCfg = Staging|Any CPU
		{55E57BB3-2176-4D85-8727-D48E43F551B4}.Staging|Any CPU.Build.0 = Staging|Any CPU
		{55E57BB3-2176-4D85-8727-D48E43F551B4}.Release|Any CPU.ActiveCfg = Release|Any CPU
		{55E57BB3-2176-4D85-8727-D48E43F551B4}.Release|Any CPU.Build.0 = Release|Any CPU
		{55E57BB3-2176-4D85-8727-D48E43F551B4}.Testing|Any CPU.ActiveCfg = Testing|Any CPU
		{55E57BB3-2176-4D85-8727-D48E43F551B4}.Testing|Any CPU.Build.0 = Testing|Any CPU
	EndGlobalSection
	GlobalSection(SolutionProperties) = preSolution
		HideSolutionNode = FALSE
	EndGlobalSection
	GlobalSection(ExtensibilityGlobals) = postSolution
		SolutionGuid = {1C7B7FB8-97CD-4262-A666-32CA58C227F3}
	EndGlobalSection
EndGlobal
